
Microsoft Visual Studio Solution File, Format Version 12.00
# Visual Studio 15
VisualStudioVersion = 15.0.27004.2009
MinimumVisualStudioVersion = 10.0.40219.1
Project("{FAE04EC0-301F-11D3-BF4B-00C04F79EFBC}") = "ForChild", "ForChild\ForChild.csproj", "{D535349B-7E19-4269-9A96-259769E9A2A7}"
EndProject
Global
	GlobalSection(SolutionConfigurationPlatforms) = preSolution
		Debug|ARM = Debug|ARM
		Debug|x64 = Debug|x64
		Debug|x86 = Debug|x86
		Release|ARM = Release|ARM
		Release|x64 = Release|x64
		Release|x86 = Release|x86
	EndGlobalSection
	GlobalSection(ProjectConfigurationPlatforms) = postSolution
		{D535349B-7E19-4269-9A96-259769E9A2A7}.Debug|ARM.ActiveCfg = Debug|ARM
		{D535349B-7E19-4269-9A96-259769E9A2A7}.Debug|ARM.Build.0 = Debug|ARM
		{D535349B-7E19-4269-9A96-259769E9A2A7}.Debug|ARM.Deploy.0 = Debug|ARM
		{D535349B-7E19-4269-9A96-259769E9A2A7}.Debug|x64.ActiveCfg = Debug|x64
		{D535349B-7E19-4269-9A96-259769E9A2A7}.Debug|x64.Build.0 = Debug|x64
		{D535349B-7E19-4269-9A96-259769E9A2A7}.Debug|x64.Deploy.0 = Debug|x64
		{D535349B-7E19-4269-9A96-259769E9A2A7}.Debug|x86.ActiveCfg = Debug|x86
		{D535349B-7E19-4269-9A96-259769E9A2A7}.Debug|x86.Build.0 = Debug|x86
		{D535349B-7E19-4269-9A96-259769E9A2A7}.Debug|x86.Deploy.0 = Debug|x86
		{D535349B-7E19-4269-9A96-259769E9A2A7}.Release|ARM.ActiveCfg = Release|ARM
		{D535349B-7E19-4269-9A96-259769E9A2A7}.Release|ARM.Build.0 = Release|ARM
		{D535349B-7E19-4269-9A96-259769E9A2A7}.Release|ARM.Deploy.0 = Release|ARM
		{D535349B-7E19-4269-9A96-259769E9A2A7}.Release|x64.ActiveCfg = Release|x64
		{D535349B-7E19-4269-9A96-259769E9A2A7}.Release|x64.Build.0 = Release|x64
		{D535349B-7E19-4269-9A96-259769E9A2A7}.Release|x64.Deploy.0 = Release|x64
		{D535349B-7E19-4269-9A96-259769E9A2A7}.Release|x86.ActiveCfg = Release|x86
		{D535349B-7E19-4269-9A96-259769E9A2A7}.Release|x86.Build.0 = Release|x86
		{D535349B-7E19-4269-9A96-259769E9A2A7}.Release|x86.Deploy.0 = Release|x86
	EndGlobalSection
	GlobalSection(SolutionProperties) = preSolution
		HideSolutionNode = FALSE
	EndGlobalSection
	GlobalSection(ExtensibilityGlobals) = postSolution
		SolutionGuid = {210E672C-9D07-4DBC-98AD-FA37565B7A25}
	EndGlobalSection
EndGlobal
